// !$*UTF8*$!
{
	archiveVersion = 1;
	classes = {
	};
	objectVersion = 56;
	objects = {

/* Begin PBXBuildFile section */
		7877561C2A8E03EC0089F692 /* main.swift in Sources */ = {isa = PBXBuildFile; fileRef = 7877561B2A8E03EC0089F692 /* main.swift */; };
/* End PBXBuildFile section */

/* Begin PBXCopyFilesBuildPhase section */
		787755EC2A890C910089F692 /* CopyFiles */ = {
			isa = PBXCopyFilesBuildPhase;
			buildActionMask = 2147483647;
			dstPath = /usr/share/man/man1/;
			dstSubfolderSpec = 0;
			files = (
			);
			runOnlyForDeploymentPostprocessing = 1;
		};
/* End PBXCopyFilesBuildPhase section */

/* Begin PBXFileReference section */
		787755EE2A890C910089F692 /* Algorithm */ = {isa = PBXFileReference; explicitFileType = "compiled.mach-o.executable"; includeInIndex = 0; path = Algorithm; sourceTree = BUILT_PRODUCTS_DIR; };
		787755F12A890C910089F692 /* 10808.swift */ = {isa = PBXFileReference; lastKnownFileType = sourcecode.swift; path = 10808.swift; sourceTree = "<group>"; };
		787755F82A89206F0089F692 /* 2577.swift */ = {isa = PBXFileReference; lastKnownFileType = sourcecode.swift; path = 2577.swift; sourceTree = "<group>"; };
		787755FA2A8926500089F692 /* 1475.swift */ = {isa = PBXFileReference; lastKnownFileType = sourcecode.swift; path = 1475.swift; sourceTree = "<group>"; };
		787755FC2A89371D0089F692 /* 3273.swift */ = {isa = PBXFileReference; lastKnownFileType = sourcecode.swift; path = 3273.swift; sourceTree = "<group>"; };
		787756002A8943410089F692 /* 10807.swift */ = {isa = PBXFileReference; lastKnownFileType = sourcecode.swift; path = 10807.swift; sourceTree = "<group>"; };
		787756022A89C8810089F692 /* 13300.swift */ = {isa = PBXFileReference; lastKnownFileType = sourcecode.swift; path = 13300.swift; sourceTree = "<group>"; };
		787756042A89CE3B0089F692 /* 11328.swift */ = {isa = PBXFileReference; lastKnownFileType = sourcecode.swift; path = 11328.swift; sourceTree = "<group>"; };
		787756082A89FD310089F692 /* 1919.swift */ = {isa = PBXFileReference; lastKnownFileType = sourcecode.swift; path = 1919.swift; sourceTree = "<group>"; };
		7877560E2A8A3DBA0089F692 /* 1406.swift */ = {isa = PBXFileReference; lastKnownFileType = sourcecode.swift; path = 1406.swift; sourceTree = "<group>"; };
		787756102A8CA7FC0089F692 /* 5397.swift */ = {isa = PBXFileReference; lastKnownFileType = sourcecode.swift; path = 5397.swift; sourceTree = "<group>"; };
		787756122A8CB0270089F692 /* 1158.swift */ = {isa = PBXFileReference; lastKnownFileType = sourcecode.swift; path = 1158.swift; sourceTree = "<group>"; };
		787756152A8CC74D0089F692 /* 10828.swift */ = {isa = PBXFileReference; lastKnownFileType = sourcecode.swift; path = 10828.swift; sourceTree = "<group>"; };
		787756172A8DE4D40089F692 /* 10773.swift */ = {isa = PBXFileReference; lastKnownFileType = sourcecode.swift; path = 10773.swift; sourceTree = "<group>"; };
		787756192A8DEAC70089F692 /* 1874.swift */ = {isa = PBXFileReference; lastKnownFileType = sourcecode.swift; path = 1874.swift; sourceTree = "<group>"; };
		7877561B2A8E03EC0089F692 /* main.swift */ = {isa = PBXFileReference; lastKnownFileType = sourcecode.swift; path = main.swift; sourceTree = "<group>"; };
/* End PBXFileReference section */

/* Begin PBXFrameworksBuildPhase section */
		787755EB2A890C910089F692 /* Frameworks */ = {
			isa = PBXFrameworksBuildPhase;
			buildActionMask = 2147483647;
			files = (
			);
			runOnlyForDeploymentPostprocessing = 0;
		};
/* End PBXFrameworksBuildPhase section */

/* Begin PBXGroup section */
		787755E52A890C910089F692 = {
			isa = PBXGroup;
			children = (
				787755F02A890C910089F692 /* Algorithm */,
				787755EF2A890C910089F692 /* Products */,
			);
			sourceTree = "<group>";
		};
		787755EF2A890C910089F692 /* Products */ = {
			isa = PBXGroup;
			children = (
				787755EE2A890C910089F692 /* Algorithm */,
			);
			name = Products;
			sourceTree = "<group>";
		};
		787755F02A890C910089F692 /* Algorithm */ = {
			isa = PBXGroup;
			children = (
				7877560C2A8A3D680089F692 /* 0x03-Array */,
				7877560D2A8A3DA10089F692 /* 0x04-LinkedList */,
				787756142A8CC7320089F692 /* 0x05-Stack */,
			);
			path = Algorithm;
			sourceTree = "<group>";
		};
		7877560C2A8A3D680089F692 /* 0x03-Array */ = {
			isa = PBXGroup;
			children = (
				787755F12A890C910089F692 /* 10808.swift */,
				787755F82A89206F0089F692 /* 2577.swift */,
				787755FA2A8926500089F692 /* 1475.swift */,
				787755FC2A89371D0089F692 /* 3273.swift */,
				787756002A8943410089F692 /* 10807.swift */,
				787756022A89C8810089F692 /* 13300.swift */,
				787756042A89CE3B0089F692 /* 11328.swift */,
				787756082A89FD310089F692 /* 1919.swift */,
			);
			path = "0x03-Array";
			sourceTree = "<group>";
		};
		7877560D2A8A3DA10089F692 /* 0x04-LinkedList */ = {
			isa = PBXGroup;
			children = (
				7877560E2A8A3DBA0089F692 /* 1406.swift */,
				787756102A8CA7FC0089F692 /* 5397.swift */,
				787756122A8CB0270089F692 /* 1158.swift */,
			);
			path = "0x04-LinkedList";
			sourceTree = "<group>";
		};
		787756142A8CC7320089F692 /* 0x05-Stack */ = {
			isa = PBXGroup;
			children = (
				787756152A8CC74D0089F692 /* 10828.swift */,
				787756172A8DE4D40089F692 /* 10773.swift */,
				787756192A8DEAC70089F692 /* 1874.swift */,
				7877561B2A8E03EC0089F692 /* main.swift */,
			);
			path = "0x05-Stack";
			sourceTree = "<group>";
		};
/* End PBXGroup section */

/* Begin PBXNativeTarget section */
		787755ED2A890C910089F692 /* Algorithm */ = {
			isa = PBXNativeTarget;
			buildConfigurationList = 787755F52A890C910089F692 /* Build configuration list for PBXNativeTarget "Algorithm" */;
			buildPhases = (
				787755EA2A890C910089F692 /* Sources */,
				787755EB2A890C910089F692 /* Frameworks */,
				787755EC2A890C910089F692 /* CopyFiles */,
			);
			buildRules = (
			);
			dependencies = (
			);
			name = Algorithm;
			productName = Algorithm;
			productReference = 787755EE2A890C910089F692 /* Algorithm */;
			productType = "com.apple.product-type.tool";
		};
/* End PBXNativeTarget section */

/* Begin PBXProject section */
		787755E62A890C910089F692 /* Project object */ = {
			isa = PBXProject;
			attributes = {
				BuildIndependentTargetsInParallel = 1;
				LastSwiftUpdateCheck = 1430;
				LastUpgradeCheck = 1430;
				TargetAttributes = {
					787755ED2A890C910089F692 = {
						CreatedOnToolsVersion = 14.3.1;
						LastSwiftMigration = 1430;
					};
				};
			};
			buildConfigurationList = 787755E92A890C910089F692 /* Build configuration list for PBXProject "Algorithm" */;
			compatibilityVersion = "Xcode 14.0";
			developmentRegion = en;
			hasScannedForEncodings = 0;
			knownRegions = (
				en,
				Base,
			);
			mainGroup = 787755E52A890C910089F692;
			productRefGroup = 787755EF2A890C910089F692 /* Products */;
			projectDirPath = "";
			projectRoot = "";
			targets = (
				787755ED2A890C910089F692 /* Algorithm */,
			);
		};
/* End PBXProject section */

/* Begin PBXSourcesBuildPhase section */
		787755EA2A890C910089F692 /* Sources */ = {
			isa = PBXSourcesBuildPhase;
			buildActionMask = 2147483647;
			files = (
				7877561C2A8E03EC0089F692 /* main.swift in Sources */,
			);
			runOnlyForDeploymentPostprocessing = 0;
		};
/* End PBXSourcesBuildPhase section */

/* Begin XCBuildConfiguration section */
		787755F32A890C910089F692 /* Debug */ = {
			isa = XCBuildConfiguration;
			buildSettings = {
				ALWAYS_SEARCH_USER_PATHS = NO;
				CLANG_ANALYZER_NONNULL = YES;
				CLANG_ANALYZER_NUMBER_OBJECT_CONVERSION = YES_AGGRESSIVE;
				CLANG_CXX_LANGUAGE_STANDARD = "gnu++20";
				CLANG_ENABLE_MODULES = YES;
				CLANG_ENABLE_OBJC_ARC = YES;
				CLANG_ENABLE_OBJC_WEAK = YES;
				CLANG_WARN_BLOCK_CAPTURE_AUTORELEASING = YES;
				CLANG_WARN_BOOL_CONVERSION = YES;
				CLANG_WARN_COMMA = YES;
				CLANG_WARN_CONSTANT_CONVERSION = YES;
				CLANG_WARN_DEPRECATED_OBJC_IMPLEMENTATIONS = YES;
				CLANG_WARN_DIRECT_OBJC_ISA_USAGE = YES_ERROR;
				CLANG_WARN_DOCUMENTATION_COMMENTS = YES;
				CLANG_WARN_EMPTY_BODY = YES;
				CLANG_WARN_ENUM_CONVERSION = YES;
				CLANG_WARN_INFINITE_RECURSION = YES;
				CLANG_WARN_INT_CONVERSION = YES;
				CLANG_WARN_NON_LITERAL_NULL_CONVERSION = YES;
				CLANG_WARN_OBJC_IMPLICIT_RETAIN_SELF = YES;
				CLANG_WARN_OBJC_LITERAL_CONVERSION = YES;
				CLANG_WARN_OBJC_ROOT_CLASS = YES_ERROR;
				CLANG_WARN_QUOTED_INCLUDE_IN_FRAMEWORK_HEADER = YES;
				CLANG_WARN_RANGE_LOOP_ANALYSIS = YES;
				CLANG_WARN_STRICT_PROTOTYPES = YES;
				CLANG_WARN_SUSPICIOUS_MOVE = YES;
				CLANG_WARN_UNGUARDED_AVAILABILITY = YES_AGGRESSIVE;
				CLANG_WARN_UNREACHABLE_CODE = YES;
				CLANG_WARN__DUPLICATE_METHOD_MATCH = YES;
				COPY_PHASE_STRIP = NO;
				DEBUG_INFORMATION_FORMAT = dwarf;
				ENABLE_STRICT_OBJC_MSGSEND = YES;
				ENABLE_TESTABILITY = YES;
				GCC_C_LANGUAGE_STANDARD = gnu11;
				GCC_DYNAMIC_NO_PIC = NO;
				GCC_NO_COMMON_BLOCKS = YES;
				GCC_OPTIMIZATION_LEVEL = 0;
				GCC_PREPROCESSOR_DEFINITIONS = (
					"DEBUG=1",
					"$(inherited)",
				);
				GCC_WARN_64_TO_32_BIT_CONVERSION = YES;
				GCC_WARN_ABOUT_RETURN_TYPE = YES_ERROR;
				GCC_WARN_UNDECLARED_SELECTOR = YES;
				GCC_WARN_UNINITIALIZED_AUTOS = YES_AGGRESSIVE;
				GCC_WARN_UNUSED_FUNCTION = YES;
				GCC_WARN_UNUSED_VARIABLE = YES;
				MACOSX_DEPLOYMENT_TARGET = 13.3;
				MTL_ENABLE_DEBUG_INFO = INCLUDE_SOURCE;
				MTL_FAST_MATH = YES;
				ONLY_ACTIVE_ARCH = YES;
				SDKROOT = macosx;
				SWIFT_ACTIVE_COMPILATION_CONDITIONS = DEBUG;
				SWIFT_OPTIMIZATION_LEVEL = "-Onone";
			};
			name = Debug;
		};
		787755F42A890C910089F692 /* Release */ = {
			isa = XCBuildConfiguration;
			buildSettings = {
				ALWAYS_SEARCH_USER_PATHS = NO;
				CLANG_ANALYZER_NONNULL = YES;
				CLANG_ANALYZER_NUMBER_OBJECT_CONVERSION = YES_AGGRESSIVE;
				CLANG_CXX_LANGUAGE_STANDARD = "gnu++20";
				CLANG_ENABLE_MODULES = YES;
				CLANG_ENABLE_OBJC_ARC = YES;
				CLANG_ENABLE_OBJC_WEAK = YES;
				CLANG_WARN_BLOCK_CAPTURE_AUTORELEASING = YES;
				CLANG_WARN_BOOL_CONVERSION = YES;
				CLANG_WARN_COMMA = YES;
				CLANG_WARN_CONSTANT_CONVERSION = YES;
				CLANG_WARN_DEPRECATED_OBJC_IMPLEMENTATIONS = YES;
				CLANG_WARN_DIRECT_OBJC_ISA_USAGE = YES_ERROR;
				CLANG_WARN_DOCUMENTATION_COMMENTS = YES;
				CLANG_WARN_EMPTY_BODY = YES;
				CLANG_WARN_ENUM_CONVERSION = YES;
				CLANG_WARN_INFINITE_RECURSION = YES;
				CLANG_WARN_INT_CONVERSION = YES;
				CLANG_WARN_NON_LITERAL_NULL_CONVERSION = YES;
				CLANG_WARN_OBJC_IMPLICIT_RETAIN_SELF = YES;
				CLANG_WARN_OBJC_LITERAL_CONVERSION = YES;
				CLANG_WARN_OBJC_ROOT_CLASS = YES_ERROR;
				CLANG_WARN_QUOTED_INCLUDE_IN_FRAMEWORK_HEADER = YES;
				CLANG_WARN_RANGE_LOOP_ANALYSIS = YES;
				CLANG_WARN_STRICT_PROTOTYPES = YES;
				CLANG_WARN_SUSPICIOUS_MOVE = YES;
				CLANG_WARN_UNGUARDED_AVAILABILITY = YES_AGGRESSIVE;
				CLANG_WARN_UNREACHABLE_CODE = YES;
				CLANG_WARN__DUPLICATE_METHOD_MATCH = YES;
				COPY_PHASE_STRIP = NO;
				DEBUG_INFORMATION_FORMAT = "dwarf-with-dsym";
				ENABLE_NS_ASSERTIONS = NO;
				ENABLE_STRICT_OBJC_MSGSEND = YES;
				GCC_C_LANGUAGE_STANDARD = gnu11;
				GCC_NO_COMMON_BLOCKS = YES;
				GCC_WARN_64_TO_32_BIT_CONVERSION = YES;
				GCC_WARN_ABOUT_RETURN_TYPE = YES_ERROR;
				GCC_WARN_UNDECLARED_SELECTOR = YES;
				GCC_WARN_UNINITIALIZED_AUTOS = YES_AGGRESSIVE;
				GCC_WARN_UNUSED_FUNCTION = YES;
				GCC_WARN_UNUSED_VARIABLE = YES;
				MACOSX_DEPLOYMENT_TARGET = 13.3;
				MTL_ENABLE_DEBUG_INFO = NO;
				MTL_FAST_MATH = YES;
				SDKROOT = macosx;
				SWIFT_COMPILATION_MODE = wholemodule;
				SWIFT_OPTIMIZATION_LEVEL = "-O";
			};
			name = Release;
		};
		787755F62A890C910089F692 /* Debug */ = {
			isa = XCBuildConfiguration;
			buildSettings = {
				CLANG_ENABLE_MODULES = YES;
				CODE_SIGN_STYLE = Automatic;
				DEVELOPMENT_TEAM = 3ZYNC2J93W;
				ENABLE_HARDENED_RUNTIME = YES;
				PRODUCT_NAME = "$(TARGET_NAME)";
				SWIFT_OPTIMIZATION_LEVEL = "-Onone";
				SWIFT_VERSION = 5.0;
			};
			name = Debug;
		};
		787755F72A890C910089F692 /* Release */ = {
			isa = XCBuildConfiguration;
			buildSettings = {
				CLANG_ENABLE_MODULES = YES;
				CODE_SIGN_STYLE = Automatic;
				DEVELOPMENT_TEAM = 3ZYNC2J93W;
				ENABLE_HARDENED_RUNTIME = YES;
				PRODUCT_NAME = "$(TARGET_NAME)";
				SWIFT_VERSION = 5.0;
			};
			name = Release;
		};
/* End XCBuildConfiguration section */

/* Begin XCConfigurationList section */
		787755E92A890C910089F692 /* Build configuration list for PBXProject "Algorithm" */ = {
			isa = XCConfigurationList;
			buildConfigurations = (
				787755F32A890C910089F692 /* Debug */,
				787755F42A890C910089F692 /* Release */,
			);
			defaultConfigurationIsVisible = 0;
			defaultConfigurationName = Release;
		};
		787755F52A890C910089F692 /* Build configuration list for PBXNativeTarget "Algorithm" */ = {
			isa = XCConfigurationList;
			buildConfigurations = (
				787755F62A890C910089F692 /* Debug */,
				787755F72A890C910089F692 /* Release */,
			);
			defaultConfigurationIsVisible = 0;
			defaultConfigurationName = Release;
		};
/* End XCConfigurationList section */
	};
	rootObject = 787755E62A890C910089F692 /* Project object */;
}
